# This file is autogenerated, do not edit; changes may be undone by the next 'dep ensure'.


[[projects]]
  branch = "master"
  name = "github.com/gleicon/go-httplogger"
  packages = ["."]
  revision = "ab2410a250cab27aaa6f1236bd4e8aad2ec9e837"

[solve-meta]
  analyzer-name = "dep"
  analyzer-version = 1
  inputs-digest = "c907020f54baaff0943060a12365c7f7166b6796faa0b9497bf9cc40aae6b63d"
  solver-name = "gps-cdcl"
  solver-version = 1
